{
  "nodes": {
    "devshell": {
      "inputs": {
        "flake-utils": "flake-utils",
        "nixpkgs": [
          "nixpkgs-unstable"
        ]
      },
      "locked": {
        "lastModified": 1717408969,
        "narHash": "sha256-Q0OEFqe35fZbbRPPRdrjTUUChKVhhWXz3T9ZSKmaoVY=",
        "owner": "numtide",
        "repo": "devshell",
        "rev": "1ebbe68d57457c8cae98145410b164b5477761f4",
        "type": "github"
      },
      "original": {
        "owner": "numtide",
        "repo": "devshell",
        "type": "github"
      }
    },
    "flake-compat": {
      "flake": false,
      "locked": {
        "lastModified": 1696426674,
        "narHash": "sha256-kvjfFW7WAETZlt09AgDn1MrtKzP7t90Vf7vypd3OL1U=",
        "owner": "edolstra",
        "repo": "flake-compat",
        "rev": "0f9255e01c2351cc7d116c072cb317785dd33b33",
        "type": "github"
      },
      "original": {
        "owner": "edolstra",
        "repo": "flake-compat",
        "type": "github"
      }
    },
    "flake-parts": {
      "inputs": {
        "nixpkgs-lib": "nixpkgs-lib"
      },
      "locked": {
        "lastModified": 1717285511,
        "narHash": "sha256-iKzJcpdXih14qYVcZ9QC9XuZYnPc6T8YImb6dX166kw=",
        "owner": "hercules-ci",
        "repo": "flake-parts",
        "rev": "2a55567fcf15b1b1c7ed712a2c6fadaec7412ea8",
        "type": "github"
      },
      "original": {
        "owner": "hercules-ci",
        "repo": "flake-parts",
        "type": "github"
      }
    },
    "flake-parts_2": {
      "inputs": {
        "nixpkgs-lib": "nixpkgs-lib_2"
      },
      "locked": {
        "lastModified": 1722555600,
        "narHash": "sha256-XOQkdLafnb/p9ij77byFQjDf5m5QYl9b2REiVClC+x4=",
        "owner": "hercules-ci",
        "repo": "flake-parts",
        "rev": "8471fe90ad337a8074e957b69ca4d0089218391d",
        "type": "github"
      },
      "original": {
        "id": "flake-parts",
        "type": "indirect"
      }
    },
    "flake-utils": {
      "inputs": {
        "systems": "systems"
      },
      "locked": {
        "lastModified": 1701680307,
        "narHash": "sha256-kAuep2h5ajznlPMD9rnQyffWG8EM/C73lejGofXvdM8=",
        "owner": "numtide",
        "repo": "flake-utils",
        "rev": "4022d587cbbfd70fe950c1e2083a02621806a725",
        "type": "github"
      },
      "original": {
        "owner": "numtide",
        "repo": "flake-utils",
        "type": "github"
      }
    },
    "gitignore": {
      "inputs": {
        "nixpkgs": [
          "pre-commit-hooks-nix",
          "nixpkgs"
        ]
      },
      "locked": {
        "lastModified": 1709087332,
        "narHash": "sha256-HG2cCnktfHsKV0s4XW83gU3F57gaTljL9KNSuG6bnQs=",
        "owner": "hercules-ci",
        "repo": "gitignore.nix",
        "rev": "637db329424fd7e46cf4185293b9cc8c88c95394",
        "type": "github"
      },
      "original": {
        "owner": "hercules-ci",
        "repo": "gitignore.nix",
        "type": "github"
      }
    },
    "nixpkgs-lib": {
      "locked": {
        "lastModified": 1717284937,
        "narHash": "sha256-lIbdfCsf8LMFloheeE6N31+BMIeixqyQWbSr2vk79EQ=",
        "type": "tarball",
        "url": "https://github.com/NixOS/nixpkgs/archive/eb9ceca17df2ea50a250b6b27f7bf6ab0186f198.tar.gz"
      },
      "original": {
        "type": "tarball",
        "url": "https://github.com/NixOS/nixpkgs/archive/eb9ceca17df2ea50a250b6b27f7bf6ab0186f198.tar.gz"
      }
    },
    "nixpkgs-lib_2": {
      "locked": {
        "lastModified": 1722555339,
        "narHash": "sha256-uFf2QeW7eAHlYXuDktm9c25OxOyCoUOQmh5SZ9amE5Q=",
        "type": "tarball",
        "url": "https://github.com/NixOS/nixpkgs/archive/a5d394176e64ab29c852d03346c1fc9b0b7d33eb.tar.gz"
      },
      "original": {
        "type": "tarball",
        "url": "https://github.com/NixOS/nixpkgs/archive/a5d394176e64ab29c852d03346c1fc9b0b7d33eb.tar.gz"
      }
    },
    "nixpkgs-stable": {
      "locked": {
        "lastModified": 1718717462,
        "narHash": "sha256-qddfQLMaWR2gxfEzUM/zFZVK6H1kTv9WBQSBQxbP3MU=",
        "owner": "NixOS",
        "repo": "nixpkgs",
        "rev": "938aa157bbd6e3c6fd7dcb77998b1f92c2ad1631",
        "type": "github"
      },
      "original": {
        "owner": "NixOS",
        "ref": "nixos-24.05",
        "repo": "nixpkgs",
        "type": "github"
      }
    },
    "nixpkgs-stable_2": {
      "locked": {
        "lastModified": 1722372011,
        "narHash": "sha256-B2xRiC3NEJy/82ugtareBkRqEkPGpMyjaLxaR8LBxNs=",
        "owner": "NixOS",
        "repo": "nixpkgs",
        "rev": "cf05eeada35e122770c5c14add958790fcfcbef5",
        "type": "github"
      },
      "original": {
        "owner": "NixOS",
        "ref": "nixos-24.05",
        "repo": "nixpkgs",
        "type": "github"
      }
    },
    "nixpkgs-unstable": {
      "locked": {
        "lastModified": 1718714799,
        "narHash": "sha256-FUZpz9rg3gL8NVPKbqU8ei1VkPLsTIfAJ2fdAf5qjak=",
        "owner": "NixOS",
        "repo": "nixpkgs",
        "rev": "c00d587b1a1afbf200b1d8f0b0e4ba9deb1c7f0e",
        "type": "github"
      },
      "original": {
        "owner": "NixOS",
        "ref": "nixos-unstable",
        "repo": "nixpkgs",
        "type": "github"
      }
    },
    "pre-commit-hooks-nix": {
      "inputs": {
        "flake-compat": "flake-compat",
        "gitignore": "gitignore",
        "nixpkgs": [
          "nixpkgs-unstable"
        ],
        "nixpkgs-stable": [
          "nixpkgs-stable"
        ]
      },
      "locked": {
        "lastModified": 1718879355,
        "narHash": "sha256-RTyqP4fBX2MdhNuMP+fnR3lIwbdtXhyj7w7fwtvgspc=",
        "owner": "cachix",
        "repo": "pre-commit-hooks.nix",
        "rev": "8cd35b9496d21a6c55164d8547d9d5280162b07a",
        "type": "github"
      },
      "original": {
        "owner": "cachix",
        "repo": "pre-commit-hooks.nix",
        "type": "github"
      }
    },
    "root": {
      "inputs": {
        "devshell": "devshell",
        "flake-parts": "flake-parts",
        "nixpkgs": [
          "nixpkgs-stable"
        ],
        "nixpkgs-stable": "nixpkgs-stable",
        "nixpkgs-unstable": "nixpkgs-unstable",
        "pre-commit-hooks-nix": "pre-commit-hooks-nix",
        "snowcli": "snowcli",
        "treefmt-nix": "treefmt-nix"
      }
    },
    "snowcli": {
      "inputs": {
        "devshell": [
          "devshell"
        ],
        "flake-parts": "flake-parts_2",
        "nixpkgs": [
          "nixpkgs-unstable"
        ],
        "nixpkgs-stable": "nixpkgs-stable_2",
        "nixpkgs-unstable": [
          "nixpkgs-unstable"
        ],
        "pre-commit-hooks-nix": [
          "pre-commit-hooks-nix"
        ],
        "snowcli-src-2x": "snowcli-src-2x",
        "snowcli-src-live": "snowcli-src-live",
        "snowflake-connector-python-2x": "snowflake-connector-python-2x",
        "snowflake-connector-python-live": "snowflake-connector-python-live",
        "treefmt-nix": [
          "treefmt-nix"
        ]
      },
      "locked": {
        "lastModified": 1722614143,
        "narHash": "sha256-/W3Bf4nHHHSnMab/om2OPsJP00KV2ASfJfpoCO/h/7s=",
        "owner": "sfc-gh-vtimofeenko",
        "repo": "snowcli-nix-flake",
        "rev": "daa88bd5e62a91f7153bd85218ed45f2fc5858c4",
        "type": "github"
      },
      "original": {
        "owner": "sfc-gh-vtimofeenko",
        "repo": "snowcli-nix-flake",
        "type": "github"
      }
    },
    "snowcli-src-2x": {
      "flake": false,
      "locked": {
        "lastModified": 1722605709,
        "narHash": "sha256-7w6v6k7AGX+jZhFaovBQpff+CfhU1AQk8lElpuTKmLg=",
        "owner": "snowflakedb",
        "repo": "snowflake-cli",
        "rev": "b99529fb04cb7f5d72d9d64c2af0fdd21a3137bd",
        "type": "github"
      },
      "original": {
        "owner": "snowflakedb",
        "ref": "v2.7.0",
        "repo": "snowflake-cli",
        "type": "github"
      }
    },
    "snowcli-src-live": {
      "flake": false,
      "locked": {
        "lastModified": 1722608689,
        "narHash": "sha256-2mdDN3Z0hyL4FAi5xDHZW1v5pch/9eYjVrRxPhLDPzs=",
        "owner": "snowflakedb",
        "repo": "snowflake-cli",
        "rev": "3c95bb0a27fdbe612de31bacefbbbc593a8521b9",
        "type": "github"
      },
      "original": {
        "owner": "snowflakedb",
        "repo": "snowflake-cli",
        "type": "github"
      }
    },
    "snowflake-connector-python-2x": {
      "flake": false,
      "locked": {
        "lastModified": 1721778278,
        "narHash": "sha256-Dchqxm5gWGCgHb2vPIEbW5tD9z4KNzEcZpS7QdzIjS4=",
        "owner": "snowflakedb",
        "repo": "snowflake-connector-python",
        "rev": "91aa0fcd23c1d87d069cd9989963c8fbcd1091cf",
        "type": "github"
      },
      "original": {
        "owner": "snowflakedb",
        "ref": "v3.12.0",
        "repo": "snowflake-connector-python",
        "type": "github"
      }
    },
    "snowflake-connector-python-live": {
      "flake": false,
      "locked": {
        "lastModified": 1718353427,
        "narHash": "sha256-P6+OZPRhzzxnVmVU/+AGggKwVmGnd2TYctqdllAtM4Y=",
        "owner": "snowflakedb",
        "repo": "snowflake-connector-python",
        "rev": "3746237f0ba373e666a4023ecec07469e464dfb3",
        "type": "github"
      },
      "original": {
        "owner": "snowflakedb",
        "ref": "v3.11.0",
        "repo": "snowflake-connector-python",
        "type": "github"
      }
    },
    "systems": {
      "locked": {
        "lastModified": 1681028828,
        "narHash": "sha256-Vy1rq5AaRuLzOxct8nz4T6wlgyUR7zLU309k9mBC768=",
        "owner": "nix-systems",
        "repo": "default",
        "rev": "da67096a3b9bf56a91d16901293e51ba5b49a27e",
        "type": "github"
      },
      "original": {
        "owner": "nix-systems",
        "repo": "default",
        "type": "github"
      }
    },
    "treefmt-nix": {
      "inputs": {
        "nixpkgs": [
          "nixpkgs-unstable"
        ]
      },
      "locked": {
        "lastModified": 1718522839,
        "narHash": "sha256-ULzoKzEaBOiLRtjeY3YoGFJMwWSKRYOic6VNw2UyTls=",
        "owner": "numtide",
        "repo": "treefmt-nix",
        "rev": "68eb1dc333ce82d0ab0c0357363ea17c31ea1f81",
        "type": "github"
      },
      "original": {
        "owner": "numtide",
        "repo": "treefmt-nix",
        "type": "github"
      }
    }
  },
  "root": "root",
  "version": 7
}
